
Microsoft Visual Studio Solution File, Format Version 12.00
# Visual Studio Version 17
VisualStudioVersion = 17.3.32825.248
MinimumVisualStudioVersion = 10.0.40219.1
Project("{FAE04EC0-301F-11D3-BF4B-00C04F79EFBC}") = "ConsoleApp1", "ConsoleApp1\ConsoleApp1.csproj", "{5AB5B15E-30F1-4661-96C0-BEED050E18DC}"
EndProject
Global
	GlobalSection(SolutionConfigurationPlatforms) = preSolution
		Debug|Any CPU = Debug|Any CPU
		Release|Any CPU = Release|Any CPU
	EndGlobalSection
	GlobalSection(ProjectConfigurationPlatforms) = postSolution
		{5AB5B15E-30F1-4661-96C0-BEED050E18DC}.Debug|Any CPU.ActiveCfg = Debug|Any CPU
		{5AB5B15E-30F1-4661-96C0-BEED050E18DC}.Debug|Any CPU.Build.0 = Debug|Any CPU
		{5AB5B15E-30F1-4661-96C0-BEED050E18DC}.Release|Any CPU.ActiveCfg = Release|Any CPU
		{5AB5B15E-30F1-4661-96C0-BEED050E18DC}.Release|Any CPU.Build.0 = Release|Any CPU
	EndGlobalSection
	GlobalSection(SolutionProperties) = preSolution
		HideSolutionNode = FALSE
	EndGlobalSection
	GlobalSection(ExtensibilityGlobals) = postSolution
		SolutionGuid = {1B1EC8B4-D339-4DEC-B628-AC309215E02F}
	EndGlobalSection
EndGlobal
